
Microsoft Visual Studio Solution File, Format Version 12.00
# Visual Studio Version 17
VisualStudioVersion = 17.0.31912.275
MinimumVisualStudioVersion = 10.0.40219.1
Project("{FAE04EC0-301F-11D3-BF4B-00C04F79EFBC}") = "Говнецо", "Говнецо\Говнецо.csproj", "{0EC03D32-D9E0-49C9-A689-3F24E7C5F0AA}"
EndProject
Global
	GlobalSection(SolutionConfigurationPlatforms) = preSolution
		Debug|Any CPU = Debug|Any CPU
		Release|Any CPU = Release|Any CPU
	EndGlobalSection
	GlobalSection(ProjectConfigurationPlatforms) = postSolution
		{0EC03D32-D9E0-49C9-A689-3F24E7C5F0AA}.Debug|Any CPU.ActiveCfg = Debug|Any CPU
		{0EC03D32-D9E0-49C9-A689-3F24E7C5F0AA}.Debug|Any CPU.Build.0 = Debug|Any CPU
		{0EC03D32-D9E0-49C9-A689-3F24E7C5F0AA}.Release|Any CPU.ActiveCfg = Release|Any CPU
		{0EC03D32-D9E0-49C9-A689-3F24E7C5F0AA}.Release|Any CPU.Build.0 = Release|Any CPU
	EndGlobalSection
	GlobalSection(SolutionProperties) = preSolution
		HideSolutionNode = FALSE
	EndGlobalSection
	GlobalSection(ExtensibilityGlobals) = postSolution
		SolutionGuid = {9CC7683E-2F64-4CA3-9768-C131964D0B46}
	EndGlobalSection
EndGlobal
